// !$*UTF8*$!
{
	archiveVersion = 1;
	classes = {
	};
	objectVersion = 56;
	objects = {

/* Begin PBXBuildFile section */
		A1000002 /* AppDelegate.swift in Sources */ = {isa = PBXBuildFile; fileRef = A1000012; };
		A1000004 /* OverlayManager.swift in Sources */ = {isa = PBXBuildFile; fileRef = A1000014; };
		A1000005 /* SettingsView.swift in Sources */ = {isa = PBXBuildFile; fileRef = A1000015; };
		A1000006 /* ThemeManager.swift in Sources */ = {isa = PBXBuildFile; fileRef = A1000018; };
		A100001B /* main.swift in Sources */ = {isa = PBXBuildFile; fileRef = A100001C; };
		A100001D /* SIPDetector.swift in Sources */ = {isa = PBXBuildFile; fileRef = A100001E; };
		A100001F /* Injector.swift in Sources */ = {isa = PBXBuildFile; fileRef = A1000021; };
		A1000022 /* MultiWindowTracker.swift in Sources */ = {isa = PBXBuildFile; fileRef = A1000023; };
		A1000024 /* SkyLight.swift in Sources */ = {isa = PBXBuildFile; fileRef = A1000025; };
		A1000026 /* ThemeCatalog.swift in Sources */ = {isa = PBXBuildFile; fileRef = A1000027; };
		A1000028 /* WindowFrame.swift in Sources */ = {isa = PBXBuildFile; fileRef = A1000029; };
		A100002A /* WindowBorder.swift in Sources */ = {isa = PBXBuildFile; fileRef = A100002B; };
		C1D00001 /* WindowFrameK1.swift in Sources */ = {isa = PBXBuildFile; fileRef = C1D00002; };
		C1D00003 /* TitleStyle.swift in Sources */ = {isa = PBXBuildFile; fileRef = C1D00004; };
		A100002C /* FramePreview.swift in Sources */ = {isa = PBXBuildFile; fileRef = A100002D; };
		E1000001 /* ThemeEditor.swift in Sources */ = {isa = PBXBuildFile; fileRef = E1000002; };
		E1000003 /* ThemeDraft.swift in Sources */ = {isa = PBXBuildFile; fileRef = E1000004; };
		B19F0A01 /* AppIcon.icon in Resources */ = {isa = PBXBuildFile; fileRef = B19F0A02 /* AppIcon.icon */; };
/* End PBXBuildFile section */

/* Begin PBXFileReference section */
		A1000010 /* Trois.app */ = {isa = PBXFileReference; explicitFileType = wrapper.application; includeInIndex = 0; path = Trois.app; sourceTree = BUILT_PRODUCTS_DIR; };
		A1000012 /* AppDelegate.swift */ = {isa = PBXFileReference; lastKnownFileType = sourcecode.swift; path = AppDelegate.swift; sourceTree = "<group>"; };
		A1000014 /* OverlayManager.swift */ = {isa = PBXFileReference; lastKnownFileType = sourcecode.swift; path = OverlayManager.swift; sourceTree = "<group>"; };
		A1000015 /* SettingsView.swift */ = {isa = PBXFileReference; lastKnownFileType = sourcecode.swift; path = SettingsView.swift; sourceTree = "<group>"; };
		A1000016 /* Info.plist */ = {isa = PBXFileReference; lastKnownFileType = text.plist.xml; path = Info.plist; sourceTree = "<group>"; };
		A1000017 /* Trois.entitlements */ = {isa = PBXFileReference; lastKnownFileType = text.plist.entitlements; path = Trois.entitlements; sourceTree = "<group>"; };
		A1000018 /* ThemeManager.swift */ = {isa = PBXFileReference; lastKnownFileType = sourcecode.swift; path = ThemeManager.swift; sourceTree = "<group>"; };
		A100001C /* main.swift */ = {isa = PBXFileReference; lastKnownFileType = sourcecode.swift; path = main.swift; sourceTree = "<group>"; };
		A100001E /* SIPDetector.swift */ = {isa = PBXFileReference; lastKnownFileType = sourcecode.swift; path = SIPDetector.swift; sourceTree = "<group>"; };
		A1000021 /* Injector.swift */ = {isa = PBXFileReference; lastKnownFileType = sourcecode.swift; path = Injector.swift; sourceTree = "<group>"; };
		A1000023 /* MultiWindowTracker.swift */ = {isa = PBXFileReference; lastKnownFileType = sourcecode.swift; path = MultiWindowTracker.swift; sourceTree = "<group>"; };
		A1000025 /* SkyLight.swift */ = {isa = PBXFileReference; lastKnownFileType = sourcecode.swift; path = SkyLight.swift; sourceTree = "<group>"; };
		A1000027 /* ThemeCatalog.swift */ = {isa = PBXFileReference; lastKnownFileType = sourcecode.swift; path = ThemeCatalog.swift; sourceTree = "<group>"; };
		A1000029 /* WindowFrame.swift */ = {isa = PBXFileReference; lastKnownFileType = sourcecode.swift; path = WindowFrame.swift; sourceTree = "<group>"; };
		A100002B /* WindowBorder.swift */ = {isa = PBXFileReference; lastKnownFileType = sourcecode.swift; path = WindowBorder.swift; sourceTree = "<group>"; };
		C1D00002 /* WindowFrameK1.swift */ = {isa = PBXFileReference; lastKnownFileType = sourcecode.swift; path = WindowFrameK1.swift; sourceTree = "<group>"; };
		C1D00004 /* TitleStyle.swift */ = {isa = PBXFileReference; lastKnownFileType = sourcecode.swift; path = TitleStyle.swift; sourceTree = "<group>"; };
		A100002D /* FramePreview.swift */ = {isa = PBXFileReference; lastKnownFileType = sourcecode.swift; path = FramePreview.swift; sourceTree = "<group>"; };
		E1000002 /* ThemeEditor.swift */ = {isa = PBXFileReference; lastKnownFileType = sourcecode.swift; path = ThemeEditor.swift; sourceTree = "<group>"; };
		E1000004 /* ThemeDraft.swift */ = {isa = PBXFileReference; lastKnownFileType = sourcecode.swift; path = ThemeDraft.swift; sourceTree = "<group>"; };
		B19F0A02 /* AppIcon.icon */ = {isa = PBXFileReference; lastKnownFileType = folder.iconcomposer.icon; path = Design/Icon/AppIcon.icon; sourceTree = "<group>"; };
/* End PBXFileReference section */

/* Begin PBXFrameworksBuildPhase section */
		A100000D /* Frameworks */ = {
			isa = PBXFrameworksBuildPhase;
			buildActionMask = 2147483647;
			files = (
			);
			runOnlyForDeploymentPostprocessing = 0;
		};
/* End PBXFrameworksBuildPhase section */

/* Begin PBXGroup section */
		A1000007 = {
			isa = PBXGroup;
			children = (
				A1000020 /* Eppie */,
				B19F0A02 /* AppIcon.icon */,
				A100000F /* Products */,
			);
			sourceTree = "<group>";
		};
		A100000F /* Products */ = {
			isa = PBXGroup;
			children = (
				A1000010 /* Eppie.app */,
			);
			name = Products;
			sourceTree = "<group>";
		};
		A1000020 /* Eppie */ = {
			isa = PBXGroup;
			children = (
				A100001C /* main.swift */,
				A1000012 /* AppDelegate.swift */,
				A1000014 /* OverlayManager.swift */,
				A1000015 /* SettingsView.swift */,
				A1000018 /* ThemeManager.swift */,
				A1000027 /* ThemeCatalog.swift */,
				A1000029 /* WindowFrame.swift */,
				A100002B /* WindowBorder.swift */,
				C1D00002 /* WindowFrameK1.swift */,
				C1D00004 /* TitleStyle.swift */,
				A100002D /* FramePreview.swift */,
				E1000002 /* ThemeEditor.swift */,
				E1000004 /* ThemeDraft.swift */,
				A100001E /* SIPDetector.swift */,
				A1000021 /* Injector.swift */,
				A1000023 /* MultiWindowTracker.swift */,
				A1000025 /* SkyLight.swift */,
				A1000016 /* Info.plist */,
				A1000017 /* Trois.entitlements */,
			);
			path = Eppie;
			sourceTree = "<group>";
		};
/* End PBXGroup section */

/* Begin PBXNativeTarget section */
		A100000A /* Eppie */ = {
			isa = PBXNativeTarget;
			buildConfigurationList = A1000030 /* Build configuration list for PBXNativeTarget "Eppie" */;
			buildPhases = (
				A100000B /* Sources */,
				A100000D /* Frameworks */,
				A100000E /* Resources */,
			);
			buildRules = (
			);
			dependencies = (
			);
			name = Eppie;
			productName = Eppie;
			productReference = A1000010 /* Eppie.app */;
			productType = "com.apple.product-type.application";
		};
/* End PBXNativeTarget section */

/* Begin PBXProject section */
		A1000008 /* Project object */ = {
			isa = PBXProject;
			attributes = {
				BuildIndependentTargetsInParallel = 1;
				LastSwiftUpdateCheck = 1500;
				LastUpgradeCheck = 1500;
				TargetAttributes = {
					A100000A = {
						CreatedOnToolsVersion = 15.0;
					};
				};
			};
			buildConfigurationList = A100002F /* Build configuration list for PBXProject "Eppie" */;
			compatibilityVersion = "Xcode 14.0";
			developmentRegion = en;
			hasScannedForEncodings = 0;
			knownRegions = (
				en,
				Base,
			);
			mainGroup = A1000007;
			productRefGroup = A100000F /* Products */;
			projectDirPath = "";
			projectRoot = "";
			targets = (
				A100000A /* Eppie */,
			);
		};
/* End PBXProject section */

/* Begin PBXResourcesBuildPhase section */
		A100000E /* Resources */ = {
			isa = PBXResourcesBuildPhase;
			buildActionMask = 2147483647;
			files = (
				B19F0A01 /* AppIcon.icon in Resources */,
			);
			runOnlyForDeploymentPostprocessing = 0;
		};
/* End PBXResourcesBuildPhase section */

/* Begin PBXSourcesBuildPhase section */
		A100000B /* Sources */ = {
			isa = PBXSourcesBuildPhase;
			buildActionMask = 2147483647;
			files = (
				A1000002 /* AppDelegate.swift in Sources */,
				A1000004 /* OverlayManager.swift in Sources */,
				A1000005 /* SettingsView.swift in Sources */,
				A1000006 /* ThemeManager.swift in Sources */,
				A1000026 /* ThemeCatalog.swift in Sources */,
				A1000028 /* WindowFrame.swift in Sources */,
				A100002A /* WindowBorder.swift in Sources */,
				C1D00001 /* WindowFrameK1.swift in Sources */,
				C1D00003 /* TitleStyle.swift in Sources */,
				A100002C /* FramePreview.swift in Sources */,
				E1000001 /* ThemeEditor.swift in Sources */,
				E1000003 /* ThemeDraft.swift in Sources */,
				A100001D /* SIPDetector.swift in Sources */,
				A100001F /* Injector.swift in Sources */,
				A1000022 /* MultiWindowTracker.swift in Sources */,
				A1000024 /* SkyLight.swift in Sources */,
				A100001B /* main.swift in Sources */,
			);
			runOnlyForDeploymentPostprocessing = 0;
		};
/* End PBXSourcesBuildPhase section */

/* Begin XCBuildConfiguration section */
		A1000031 /* Debug */ = {
			isa = XCBuildConfiguration;
			buildSettings = {
				ALWAYS_SEARCH_USER_PATHS = NO;
				ASSETCATALOG_COMPILER_GENERATE_SWIFT_ASSET_SYMBOL_EXTENSIONS = YES;
				CLANG_ANALYZER_NONNULL = YES;
				CLANG_ANALYZER_NUMBER_OBJECT_CONVERSION = YES_AGGRESSIVE;
				CLANG_CXX_LANGUAGE_STANDARD = "gnu++20";
				CLANG_ENABLE_MODULES = YES;
				CLANG_ENABLE_OBJC_ARC = YES;
				CLANG_ENABLE_OBJC_WEAK = YES;
				CLANG_WARN_BLOCK_CAPTURE_AUTORELEASING = YES;
				CLANG_WARN_BOOL_CONVERSION = YES;
				CLANG_WARN_COMMA = YES;
				CLANG_WARN_CONSTANT_CONVERSION = YES;
				CLANG_WARN_DEPRECATED_OBJC_IMPLEMENTATIONS = YES;
				CLANG_WARN_DIRECT_OBJC_ISA_USAGE = YES_ERROR;
				CLANG_WARN_DOCUMENTATION_COMMENTS = YES;
				CLANG_WARN_EMPTY_BODY = YES;
				CLANG_WARN_ENUM_CONVERSION = YES;
				CLANG_WARN_INFINITE_RECURSION = YES;
				CLANG_WARN_INT_CONVERSION = YES;
				CLANG_WARN_NON_LITERAL_NULL_CONVERSION = YES;
				CLANG_WARN_OBJC_IMPLICIT_RETAIN_SELF = YES;
				CLANG_WARN_OBJC_LITERAL_CONVERSION = YES;
				CLANG_WARN_OBJC_ROOT_CLASS = YES_ERROR;
				CLANG_WARN_QUOTED_INCLUDE_IN_FRAMEWORK_HEADER = YES;
				CLANG_WARN_RANGE_LOOP_ANALYSIS = YES;
				CLANG_WARN_STRICT_PROTOTYPES = YES;
				CLANG_WARN_SUSPICIOUS_MOVE = YES;
				CLANG_WARN_UNGUARDED_AVAILABILITY = YES_AGGRESSIVE;
				CLANG_WARN_UNREACHABLE_CODE = YES;
				CLANG_WARN__DUPLICATE_METHOD_MATCH = YES;
				COPY_PHASE_STRIP = NO;
				DEBUG_INFORMATION_FORMAT = dwarf;
				ENABLE_STRICT_OBJC_MSGSEND = YES;
				ENABLE_TESTABILITY = YES;
				ENABLE_USER_SCRIPT_SANDBOXING = YES;
				GCC_C_LANGUAGE_STANDARD = gnu17;
				GCC_DYNAMIC_NO_PIC = NO;
				GCC_NO_COMMON_BLOCKS = YES;
				GCC_OPTIMIZATION_LEVEL = 0;
				GCC_PREPROCESSOR_DEFINITIONS = (
					"DEBUG=1",
					"$(inherited)",
				);
				GCC_WARN_64_TO_32_BIT_CONVERSION = YES;
				GCC_WARN_ABOUT_RETURN_TYPE = YES_ERROR;
				GCC_WARN_UNDECLARED_SELECTOR = YES;
				GCC_WARN_UNINITIALIZED_AUTOS = YES_AGGRESSIVE;
				GCC_WARN_UNUSED_FUNCTION = YES;
				GCC_WARN_UNUSED_VARIABLE = YES;
				MACOSX_DEPLOYMENT_TARGET = 13.0;
				MTL_ENABLE_DEBUG_INFO = INCLUDE_SOURCE;
				MTL_FAST_MATH = YES;
				ONLY_ACTIVE_ARCH = YES;
				SDKROOT = macosx;
				SWIFT_ACTIVE_COMPILATION_CONDITIONS = "DEBUG $(inherited)";
				SWIFT_OPTIMIZATION_LEVEL = "-Onone";
			};
			name = Debug;
		};
		A1000032 /* Release */ = {
			isa = XCBuildConfiguration;
			buildSettings = {
				ALWAYS_SEARCH_USER_PATHS = NO;
				ASSETCATALOG_COMPILER_GENERATE_SWIFT_ASSET_SYMBOL_EXTENSIONS = YES;
				CLANG_ANALYZER_NONNULL = YES;
				CLANG_ANALYZER_NUMBER_OBJECT_CONVERSION = YES_AGGRESSIVE;
				CLANG_CXX_LANGUAGE_STANDARD = "gnu++20";
				CLANG_ENABLE_MODULES = YES;
				CLANG_ENABLE_OBJC_ARC = YES;
				CLANG_ENABLE_OBJC_WEAK = YES;
				CLANG_WARN_BLOCK_CAPTURE_AUTORELEASING = YES;
				CLANG_WARN_BOOL_CONVERSION = YES;
				CLANG_WARN_COMMA = YES;
				CLANG_WARN_CONSTANT_CONVERSION = YES;
				CLANG_WARN_DEPRECATED_OBJC_IMPLEMENTATIONS = YES;
				CLANG_WARN_DIRECT_OBJC_ISA_USAGE = YES_ERROR;
				CLANG_WARN_DOCUMENTATION_COMMENTS = YES;
				CLANG_WARN_EMPTY_BODY = YES;
				CLANG_WARN_ENUM_CONVERSION = YES;
				CLANG_WARN_INFINITE_RECURSION = YES;
				CLANG_WARN_INT_CONVERSION = YES;
				CLANG_WARN_NON_LITERAL_NULL_CONVERSION = YES;
				CLANG_WARN_OBJC_IMPLICIT_RETAIN_SELF = YES;
				CLANG_WARN_OBJC_LITERAL_CONVERSION = YES;
				CLANG_WARN_OBJC_ROOT_CLASS = YES_ERROR;
				CLANG_WARN_QUOTED_INCLUDE_IN_FRAMEWORK_HEADER = YES;
				CLANG_WARN_RANGE_LOOP_ANALYSIS = YES;
				CLANG_WARN_STRICT_PROTOTYPES = YES;
				CLANG_WARN_SUSPICIOUS_MOVE = YES;
				CLANG_WARN_UNGUARDED_AVAILABILITY = YES_AGGRESSIVE;
				CLANG_WARN_UNREACHABLE_CODE = YES;
				CLANG_WARN__DUPLICATE_METHOD_MATCH = YES;
				COPY_PHASE_STRIP = NO;
				DEBUG_INFORMATION_FORMAT = "dwarf-with-dsym";
				ENABLE_NS_ASSERTIONS = NO;
				ENABLE_STRICT_OBJC_MSGSEND = YES;
				ENABLE_USER_SCRIPT_SANDBOXING = YES;
				GCC_C_LANGUAGE_STANDARD = gnu17;
				GCC_NO_COMMON_BLOCKS = YES;
				GCC_WARN_64_TO_32_BIT_CONVERSION = YES;
				GCC_WARN_ABOUT_RETURN_TYPE = YES_ERROR;
				GCC_WARN_UNDECLARED_SELECTOR = YES;
				GCC_WARN_UNINITIALIZED_AUTOS = YES_AGGRESSIVE;
				GCC_WARN_UNUSED_FUNCTION = YES;
				GCC_WARN_UNUSED_VARIABLE = YES;
				MACOSX_DEPLOYMENT_TARGET = 13.0;
				MTL_ENABLE_DEBUG_INFO = NO;
				MTL_FAST_MATH = YES;
				SDKROOT = macosx;
				SWIFT_COMPILATION_MODE = wholemodule;
			};
			name = Release;
		};
		A1000033 /* Debug */ = {
			isa = XCBuildConfiguration;
			buildSettings = {
				ASSETCATALOG_COMPILER_APPICON_NAME = AppIcon;
				ASSETCATALOG_COMPILER_GLOBAL_ACCENT_COLOR_NAME = AccentColor;
				CODE_SIGN_ENTITLEMENTS = Eppie/Trois.entitlements;
				CODE_SIGN_IDENTITY = "Developer ID Application";
				CODE_SIGN_STYLE = Manual;
				COMBINE_HIDPI_IMAGES = YES;
				CURRENT_PROJECT_VERSION = 1;
				DEVELOPMENT_TEAM = CL6XWJCS9R;
				GENERATE_INFOPLIST_FILE = NO;
				INFOPLIST_FILE = Eppie/Info.plist;
				INFOPLIST_KEY_NSHumanReadableCopyright = "";
				LD_RUNPATH_SEARCH_PATHS = (
					"$(inherited)",
					"@executable_path/../Frameworks",
				);
				MARKETING_VERSION = 0.1;
				PRODUCT_BUNDLE_IDENTIFIER = com.trois.app;
				PRODUCT_NAME = Trois;
				SWIFT_EMIT_LOC_STRINGS = YES;
				SWIFT_VERSION = 5.0;
			};
			name = Debug;
		};
		A1000034 /* Release */ = {
			isa = XCBuildConfiguration;
			buildSettings = {
				ASSETCATALOG_COMPILER_APPICON_NAME = AppIcon;
				ASSETCATALOG_COMPILER_GLOBAL_ACCENT_COLOR_NAME = AccentColor;
				CODE_SIGN_ENTITLEMENTS = Eppie/Trois.entitlements;
				CODE_SIGN_IDENTITY = "Developer ID Application";
				CODE_SIGN_STYLE = Manual;
				COMBINE_HIDPI_IMAGES = YES;
				CURRENT_PROJECT_VERSION = 1;
				DEVELOPMENT_TEAM = CL6XWJCS9R;
				GENERATE_INFOPLIST_FILE = NO;
				INFOPLIST_FILE = Eppie/Info.plist;
				INFOPLIST_KEY_NSHumanReadableCopyright = "";
				LD_RUNPATH_SEARCH_PATHS = (
					"$(inherited)",
					"@executable_path/../Frameworks",
				);
				MARKETING_VERSION = 0.1;
				PRODUCT_BUNDLE_IDENTIFIER = com.trois.app;
				PRODUCT_NAME = Trois;
				SWIFT_EMIT_LOC_STRINGS = YES;
				SWIFT_VERSION = 5.0;
			};
			name = Release;
		};
/* End XCBuildConfiguration section */

/* Begin XCConfigurationList section */
		A100002F /* Build configuration list for PBXProject "Eppie" */ = {
			isa = XCConfigurationList;
			buildConfigurations = (
				A1000031 /* Debug */,
				A1000032 /* Release */,
			);
			defaultConfigurationIsVisible = 0;
			defaultConfigurationName = Release;
		};
		A1000030 /* Build configuration list for PBXNativeTarget "Eppie" */ = {
			isa = XCConfigurationList;
			buildConfigurations = (
				A1000033 /* Debug */,
				A1000034 /* Release */,
			);
			defaultConfigurationIsVisible = 0;
			defaultConfigurationName = Release;
		};
/* End XCConfigurationList section */

	};
	rootObject = A1000008 /* Project object */;
}
